// !$*UTF8*$!
{
	archiveVersion = 1;
	classes = {
	};
	objectVersion = 55;
	objects = {

/* Begin PBXBuildFile section */
		118B53EC274A9CBA00F442BF /* SplannerApp.swift in Sources */ = {isa = PBXBuildFile; fileRef = 118B53DC274A9CB800F442BF /* SplannerApp.swift */; };
		118B53ED274A9CBA00F442BF /* SplannerApp.swift in Sources */ = {isa = PBXBuildFile; fileRef = 118B53DC274A9CB800F442BF /* SplannerApp.swift */; };
		118B53EE274A9CBA00F442BF /* ContentView.swift in Sources */ = {isa = PBXBuildFile; fileRef = 118B53DD274A9CB800F442BF /* ContentView.swift */; };
		118B53EF274A9CBA00F442BF /* ContentView.swift in Sources */ = {isa = PBXBuildFile; fileRef = 118B53DD274A9CB800F442BF /* ContentView.swift */; };
		118B53F0274A9CBA00F442BF /* Assets.xcassets in Resources */ = {isa = PBXBuildFile; fileRef = 118B53DE274A9CBA00F442BF /* Assets.xcassets */; };
		118B53F1274A9CBA00F442BF /* Assets.xcassets in Resources */ = {isa = PBXBuildFile; fileRef = 118B53DE274A9CBA00F442BF /* Assets.xcassets */; };
		118B53FB274AA21100F442BF /* GoogleService-Info.plist in Resources */ = {isa = PBXBuildFile; fileRef = 118B53FA274AA21100F442BF /* GoogleService-Info.plist */; };
		118B53FC274AA21100F442BF /* GoogleService-Info.plist in Resources */ = {isa = PBXBuildFile; fileRef = 118B53FA274AA21100F442BF /* GoogleService-Info.plist */; };
		118B53FF274AA3A000F442BF /* FirebaseAuth in Frameworks */ = {isa = PBXBuildFile; productRef = 118B53FE274AA3A000F442BF /* FirebaseAuth */; };
		118B5401274AA3A000F442BF /* FirebaseFirestore in Frameworks */ = {isa = PBXBuildFile; productRef = 118B5400274AA3A000F442BF /* FirebaseFirestore */; };
		118B5403274AA3A000F442BF /* FirebaseFirestoreSwift-Beta in Frameworks */ = {isa = PBXBuildFile; productRef = 118B5402274AA3A000F442BF /* FirebaseFirestoreSwift-Beta */; };
		118B5405274AA3A000F442BF /* FirebaseStorage in Frameworks */ = {isa = PBXBuildFile; productRef = 118B5404274AA3A000F442BF /* FirebaseStorage */; };
/* End PBXBuildFile section */

/* Begin PBXFileReference section */
		118B53DC274A9CB800F442BF /* SplannerApp.swift */ = {isa = PBXFileReference; lastKnownFileType = sourcecode.swift; path = SplannerApp.swift; sourceTree = "<group>"; };
		118B53DD274A9CB800F442BF /* ContentView.swift */ = {isa = PBXFileReference; lastKnownFileType = sourcecode.swift; path = ContentView.swift; sourceTree = "<group>"; };
		118B53DE274A9CBA00F442BF /* Assets.xcassets */ = {isa = PBXFileReference; lastKnownFileType = folder.assetcatalog; path = Assets.xcassets; sourceTree = "<group>"; };
		118B53E3274A9CBA00F442BF /* Splanner.app */ = {isa = PBXFileReference; explicitFileType = wrapper.application; includeInIndex = 0; path = Splanner.app; sourceTree = BUILT_PRODUCTS_DIR; };
		118B53E9274A9CBA00F442BF /* Splanner.app */ = {isa = PBXFileReference; explicitFileType = wrapper.application; includeInIndex = 0; path = Splanner.app; sourceTree = BUILT_PRODUCTS_DIR; };
		118B53EB274A9CBA00F442BF /* macOS.entitlements */ = {isa = PBXFileReference; lastKnownFileType = text.plist.entitlements; path = macOS.entitlements; sourceTree = "<group>"; };
		118B53FA274AA21100F442BF /* GoogleService-Info.plist */ = {isa = PBXFileReference; fileEncoding = 4; lastKnownFileType = text.plist.xml; path = "GoogleService-Info.plist"; sourceTree = "<group>"; };
/* End PBXFileReference section */

/* Begin PBXFrameworksBuildPhase section */
		118B53E0274A9CBA00F442BF /* Frameworks */ = {
			isa = PBXFrameworksBuildPhase;
			buildActionMask = 2147483647;
			files = (
				118B5403274AA3A000F442BF /* FirebaseFirestoreSwift-Beta in Frameworks */,
				118B5405274AA3A000F442BF /* FirebaseStorage in Frameworks */,
				118B53FF274AA3A000F442BF /* FirebaseAuth in Frameworks */,
				118B5401274AA3A000F442BF /* FirebaseFirestore in Frameworks */,
			);
			runOnlyForDeploymentPostprocessing = 0;
		};
		118B53E6274A9CBA00F442BF /* Frameworks */ = {
			isa = PBXFrameworksBuildPhase;
			buildActionMask = 2147483647;
			files = (
			);
			runOnlyForDeploymentPostprocessing = 0;
		};
/* End PBXFrameworksBuildPhase section */

/* Begin PBXGroup section */
		118B53D6274A9CB800F442BF = {
			isa = PBXGroup;
			children = (
				118B53DB274A9CB800F442BF /* Shared */,
				118B53EA274A9CBA00F442BF /* macOS */,
				118B53E4274A9CBA00F442BF /* Products */,
			);
			sourceTree = "<group>";
		};
		118B53DB274A9CB800F442BF /* Shared */ = {
			isa = PBXGroup;
			children = (
				118B53DC274A9CB800F442BF /* SplannerApp.swift */,
				118B53DD274A9CB800F442BF /* ContentView.swift */,
				118B53DE274A9CBA00F442BF /* Assets.xcassets */,
				118B53FA274AA21100F442BF /* GoogleService-Info.plist */,
			);
			path = Shared;
			sourceTree = "<group>";
		};
		118B53E4274A9CBA00F442BF /* Products */ = {
			isa = PBXGroup;
			children = (
				118B53E3274A9CBA00F442BF /* Splanner.app */,
				118B53E9274A9CBA00F442BF /* Splanner.app */,
			);
			name = Products;
			sourceTree = "<group>";
		};
		118B53EA274A9CBA00F442BF /* macOS */ = {
			isa = PBXGroup;
			children = (
				118B53EB274A9CBA00F442BF /* macOS.entitlements */,
			);
			path = macOS;
			sourceTree = "<group>";
		};
/* End PBXGroup section */

/* Begin PBXNativeTarget section */
		118B53E2274A9CBA00F442BF /* Splanner (iOS) */ = {
			isa = PBXNativeTarget;
			buildConfigurationList = 118B53F4274A9CBA00F442BF /* Build configuration list for PBXNativeTarget "Splanner (iOS)" */;
			buildPhases = (
				118B53DF274A9CBA00F442BF /* Sources */,
				118B53E0274A9CBA00F442BF /* Frameworks */,
				118B53E1274A9CBA00F442BF /* Resources */,
			);
			buildRules = (
			);
			dependencies = (
			);
			name = "Splanner (iOS)";
			packageProductDependencies = (
				118B53FE274AA3A000F442BF /* FirebaseAuth */,
				118B5400274AA3A000F442BF /* FirebaseFirestore */,
				118B5402274AA3A000F442BF /* FirebaseFirestoreSwift-Beta */,
				118B5404274AA3A000F442BF /* FirebaseStorage */,
			);
			productName = "Splanner (iOS)";
			productReference = 118B53E3274A9CBA00F442BF /* Splanner.app */;
			productType = "com.apple.product-type.application";
		};
		118B53E8274A9CBA00F442BF /* Splanner (macOS) */ = {
			isa = PBXNativeTarget;
			buildConfigurationList = 118B53F7274A9CBA00F442BF /* Build configuration list for PBXNativeTarget "Splanner (macOS)" */;
			buildPhases = (
				118B53E5274A9CBA00F442BF /* Sources */,
				118B53E6274A9CBA00F442BF /* Frameworks */,
				118B53E7274A9CBA00F442BF /* Resources */,
			);
			buildRules = (
			);
			dependencies = (
			);
			name = "Splanner (macOS)";
			productName = "Splanner (macOS)";
			productReference = 118B53E9274A9CBA00F442BF /* Splanner.app */;
			productType = "com.apple.product-type.application";
		};
/* End PBXNativeTarget section */

/* Begin PBXProject section */
		118B53D7274A9CB800F442BF /* Project object */ = {
			isa = PBXProject;
			attributes = {
				BuildIndependentTargetsInParallel = 1;
				LastSwiftUpdateCheck = 1310;
				LastUpgradeCheck = 1310;
				TargetAttributes = {
					118B53E2274A9CBA00F442BF = {
						CreatedOnToolsVersion = 13.1;
					};
					118B53E8274A9CBA00F442BF = {
						CreatedOnToolsVersion = 13.1;
					};
				};
			};
			buildConfigurationList = 118B53DA274A9CB800F442BF /* Build configuration list for PBXProject "Splanner" */;
			compatibilityVersion = "Xcode 13.0";
			developmentRegion = en;
			hasScannedForEncodings = 0;
			knownRegions = (
				en,
				Base,
			);
			mainGroup = 118B53D6274A9CB800F442BF;
			packageReferences = (
				118B53FD274AA3A000F442BF /* XCRemoteSwiftPackageReference "firebase-ios-sdk" */,
			);
			productRefGroup = 118B53E4274A9CBA00F442BF /* Products */;
			projectDirPath = "";
			projectRoot = "";
			targets = (
				118B53E2274A9CBA00F442BF /* Splanner (iOS) */,
				118B53E8274A9CBA00F442BF /* Splanner (macOS) */,
			);
		};
/* End PBXProject section */

/* Begin PBXResourcesBuildPhase section */
		118B53E1274A9CBA00F442BF /* Resources */ = {
			isa = PBXResourcesBuildPhase;
			buildActionMask = 2147483647;
			files = (
				118B53F0274A9CBA00F442BF /* Assets.xcassets in Resources */,
				118B53FB274AA21100F442BF /* GoogleService-Info.plist in Resources */,
			);
			runOnlyForDeploymentPostprocessing = 0;
		};
		118B53E7274A9CBA00F442BF /* Resources */ = {
			isa = PBXResourcesBuildPhase;
			buildActionMask = 2147483647;
			files = (
				118B53F1274A9CBA00F442BF /* Assets.xcassets in Resources */,
				118B53FC274AA21100F442BF /* GoogleService-Info.plist in Resources */,
			);
			runOnlyForDeploymentPostprocessing = 0;
		};
/* End PBXResourcesBuildPhase section */

/* Begin PBXSourcesBuildPhase section */
		118B53DF274A9CBA00F442BF /* Sources */ = {
			isa = PBXSourcesBuildPhase;
			buildActionMask = 2147483647;
			files = (
				118B53EE274A9CBA00F442BF /* ContentView.swift in Sources */,
				118B53EC274A9CBA00F442BF /* SplannerApp.swift in Sources */,
			);
			runOnlyForDeploymentPostprocessing = 0;
		};
		118B53E5274A9CBA00F442BF /* Sources */ = {
			isa = PBXSourcesBuildPhase;
			buildActionMask = 2147483647;
			files = (
				118B53EF274A9CBA00F442BF /* ContentView.swift in Sources */,
				118B53ED274A9CBA00F442BF /* SplannerApp.swift in Sources */,
			);
			runOnlyForDeploymentPostprocessing = 0;
		};
/* End PBXSourcesBuildPhase section */

/* Begin XCBuildConfiguration section */
		118B53F2274A9CBA00F442BF /* Debug */ = {
			isa = XCBuildConfiguration;
			buildSettings = {
				ALWAYS_SEARCH_USER_PATHS = NO;
				CLANG_ANALYZER_NONNULL = YES;
				CLANG_ANALYZER_NUMBER_OBJECT_CONVERSION = YES_AGGRESSIVE;
				CLANG_CXX_LANGUAGE_STANDARD = "gnu++17";
				CLANG_CXX_LIBRARY = "libc++";
				CLANG_ENABLE_MODULES = YES;
				CLANG_ENABLE_OBJC_ARC = YES;
				CLANG_ENABLE_OBJC_WEAK = YES;
				CLANG_WARN_BLOCK_CAPTURE_AUTORELEASING = YES;
				CLANG_WARN_BOOL_CONVERSION = YES;
				CLANG_WARN_COMMA = YES;
				CLANG_WARN_CONSTANT_CONVERSION = YES;
				CLANG_WARN_DEPRECATED_OBJC_IMPLEMENTATIONS = YES;
				CLANG_WARN_DIRECT_OBJC_ISA_USAGE = YES_ERROR;
				CLANG_WARN_DOCUMENTATION_COMMENTS = YES;
				CLANG_WARN_EMPTY_BODY = YES;
				CLANG_WARN_ENUM_CONVERSION = YES;
				CLANG_WARN_INFINITE_RECURSION = YES;
				CLANG_WARN_INT_CONVERSION = YES;
				CLANG_WARN_NON_LITERAL_NULL_CONVERSION = YES;
				CLANG_WARN_OBJC_IMPLICIT_RETAIN_SELF = YES;
				CLANG_WARN_OBJC_LITERAL_CONVERSION = YES;
				CLANG_WARN_OBJC_ROOT_CLASS = YES_ERROR;
				CLANG_WARN_QUOTED_INCLUDE_IN_FRAMEWORK_HEADER = YES;
				CLANG_WARN_RANGE_LOOP_ANALYSIS = YES;
				CLANG_WARN_STRICT_PROTOTYPES = YES;
				CLANG_WARN_SUSPICIOUS_MOVE = YES;
				CLANG_WARN_UNGUARDED_AVAILABILITY = YES_AGGRESSIVE;
				CLANG_WARN_UNREACHABLE_CODE = YES;
				CLANG_WARN__DUPLICATE_METHOD_MATCH = YES;
				COPY_PHASE_STRIP = NO;
				DEBUG_INFORMATION_FORMAT = dwarf;
				ENABLE_STRICT_OBJC_MSGSEND = YES;
				ENABLE_TESTABILITY = YES;
				GCC_C_LANGUAGE_STANDARD = gnu11;
				GCC_DYNAMIC_NO_PIC = NO;
				GCC_NO_COMMON_BLOCKS = YES;
				GCC_OPTIMIZATION_LEVEL = 0;
				GCC_PREPROCESSOR_DEFINITIONS = (
					"DEBUG=1",
					"$(inherited)",
				);
				GCC_WARN_64_TO_32_BIT_CONVERSION = YES;
				GCC_WARN_ABOUT_RETURN_TYPE = YES_ERROR;
				GCC_WARN_UNDECLARED_SELECTOR = YES;
				GCC_WARN_UNINITIALIZED_AUTOS = YES_AGGRESSIVE;
				GCC_WARN_UNUSED_FUNCTION = YES;
				GCC_WARN_UNUSED_VARIABLE = YES;
				MTL_ENABLE_DEBUG_INFO = INCLUDE_SOURCE;
				MTL_FAST_MATH = YES;
				ONLY_ACTIVE_ARCH = YES;
				SWIFT_ACTIVE_COMPILATION_CONDITIONS = DEBUG;
				SWIFT_OPTIMIZATION_LEVEL = "-Onone";
			};
			name = Debug;
		};
		118B53F3274A9CBA00F442BF /* Release */ = {
			isa = XCBuildConfiguration;
			buildSettings = {
				ALWAYS_SEARCH_USER_PATHS = NO;
				CLANG_ANALYZER_NONNULL = YES;
				CLANG_ANALYZER_NUMBER_OBJECT_CONVERSION = YES_AGGRESSIVE;
				CLANG_CXX_LANGUAGE_STANDARD = "gnu++17";
				CLANG_CXX_LIBRARY = "libc++";
				CLANG_ENABLE_MODULES = YES;
				CLANG_ENABLE_OBJC_ARC = YES;
				CLANG_ENABLE_OBJC_WEAK = YES;
				CLANG_WARN_BLOCK_CAPTURE_AUTORELEASING = YES;
				CLANG_WARN_BOOL_CONVERSION = YES;
				CLANG_WARN_COMMA = YES;
				CLANG_WARN_CONSTANT_CONVERSION = YES;
				CLANG_WARN_DEPRECATED_OBJC_IMPLEMENTATIONS = YES;
				CLANG_WARN_DIRECT_OBJC_ISA_USAGE = YES_ERROR;
				CLANG_WARN_DOCUMENTATION_COMMENTS = YES;
				CLANG_WARN_EMPTY_BODY = YES;
				CLANG_WARN_ENUM_CONVERSION = YES;
				CLANG_WARN_INFINITE_RECURSION = YES;
				CLANG_WARN_INT_CONVERSION = YES;
				CLANG_WARN_NON_LITERAL_NULL_CONVERSION = YES;
				CLANG_WARN_OBJC_IMPLICIT_RETAIN_SELF = YES;
				CLANG_WARN_OBJC_LITERAL_CONVERSION = YES;
				CLANG_WARN_OBJC_ROOT_CLASS = YES_ERROR;
				CLANG_WARN_QUOTED_INCLUDE_IN_FRAMEWORK_HEADER = YES;
				CLANG_WARN_RANGE_LOOP_ANALYSIS = YES;
				CLANG_WARN_STRICT_PROTOTYPES = YES;
				CLANG_WARN_SUSPICIOUS_MOVE = YES;
				CLANG_WARN_UNGUARDED_AVAILABILITY = YES_AGGRESSIVE;
				CLANG_WARN_UNREACHABLE_CODE = YES;
				CLANG_WARN__DUPLICATE_METHOD_MATCH = YES;
				COPY_PHASE_STRIP = NO;
				DEBUG_INFORMATION_FORMAT = "dwarf-with-dsym";
				ENABLE_NS_ASSERTIONS = NO;
				ENABLE_STRICT_OBJC_MSGSEND = YES;
				GCC_C_LANGUAGE_STANDARD = gnu11;
				GCC_NO_COMMON_BLOCKS = YES;
				GCC_WARN_64_TO_32_BIT_CONVERSION = YES;
				GCC_WARN_ABOUT_RETURN_TYPE = YES_ERROR;
				GCC_WARN_UNDECLARED_SELECTOR = YES;
				GCC_WARN_UNINITIALIZED_AUTOS = YES_AGGRESSIVE;
				GCC_WARN_UNUSED_FUNCTION = YES;
				GCC_WARN_UNUSED_VARIABLE = YES;
				MTL_ENABLE_DEBUG_INFO = NO;
				MTL_FAST_MATH = YES;
				SWIFT_COMPILATION_MODE = wholemodule;
				SWIFT_OPTIMIZATION_LEVEL = "-O";
			};
			name = Release;
		};
		118B53F5274A9CBA00F442BF /* Debug */ = {
			isa = XCBuildConfiguration;
			buildSettings = {
				ASSETCATALOG_COMPILER_APPICON_NAME = AppIcon;
				ASSETCATALOG_COMPILER_GLOBAL_ACCENT_COLOR_NAME = AccentColor;
				CODE_SIGN_STYLE = Automatic;
				CURRENT_PROJECT_VERSION = 1;
				ENABLE_PREVIEWS = YES;
				GENERATE_INFOPLIST_FILE = YES;
				INFOPLIST_KEY_UIApplicationSceneManifest_Generation = YES;
				INFOPLIST_KEY_UIApplicationSupportsIndirectInputEvents = YES;
				INFOPLIST_KEY_UILaunchScreen_Generation = YES;
				INFOPLIST_KEY_UISupportedInterfaceOrientations_iPad = "UIInterfaceOrientationPortrait UIInterfaceOrientationPortraitUpsideDown UIInterfaceOrientationLandscapeLeft UIInterfaceOrientationLandscapeRight";
				INFOPLIST_KEY_UISupportedInterfaceOrientations_iPhone = "UIInterfaceOrientationPortrait UIInterfaceOrientationLandscapeLeft UIInterfaceOrientationLandscapeRight";
				IPHONEOS_DEPLOYMENT_TARGET = 15.0;
				LD_RUNPATH_SEARCH_PATHS = (
					"$(inherited)",
					"@executable_path/Frameworks",
				);
				MARKETING_VERSION = 1.0;
				PRODUCT_BUNDLE_IDENTIFIER = com.RosalieWessels.Splanner;
				PRODUCT_NAME = Splanner;
				SDKROOT = iphoneos;
				SWIFT_EMIT_LOC_STRINGS = YES;
				SWIFT_VERSION = 5.0;
				TARGETED_DEVICE_FAMILY = "1,2";
			};
			name = Debug;
		};
		118B53F6274A9CBA00F442BF /* Release */ = {
			isa = XCBuildConfiguration;
			buildSettings = {
				ASSETCATALOG_COMPILER_APPICON_NAME = AppIcon;
				ASSETCATALOG_COMPILER_GLOBAL_ACCENT_COLOR_NAME = AccentColor;
				CODE_SIGN_STYLE = Automatic;
				CURRENT_PROJECT_VERSION = 1;
				ENABLE_PREVIEWS = YES;
				GENERATE_INFOPLIST_FILE = YES;
				INFOPLIST_KEY_UIApplicationSceneManifest_Generation = YES;
				INFOPLIST_KEY_UIApplicationSupportsIndirectInputEvents = YES;
				INFOPLIST_KEY_UILaunchScreen_Generation = YES;
				INFOPLIST_KEY_UISupportedInterfaceOrientations_iPad = "UIInterfaceOrientationPortrait UIInterfaceOrientationPortraitUpsideDown UIInterfaceOrientationLandscapeLeft UIInterfaceOrientationLandscapeRight";
				INFOPLIST_KEY_UISupportedInterfaceOrientations_iPhone = "UIInterfaceOrientationPortrait UIInterfaceOrientationLandscapeLeft UIInterfaceOrientationLandscapeRight";
				IPHONEOS_DEPLOYMENT_TARGET = 15.0;
				LD_RUNPATH_SEARCH_PATHS = (
					"$(inherited)",
					"@executable_path/Frameworks",
				);
				MARKETING_VERSION = 1.0;
				PRODUCT_BUNDLE_IDENTIFIER = com.RosalieWessels.Splanner;
				PRODUCT_NAME = Splanner;
				SDKROOT = iphoneos;
				SWIFT_EMIT_LOC_STRINGS = YES;
				SWIFT_VERSION = 5.0;
				TARGETED_DEVICE_FAMILY = "1,2";
				VALIDATE_PRODUCT = YES;
			};
			name = Release;
		};
		118B53F8274A9CBA00F442BF /* Debug */ = {
			isa = XCBuildConfiguration;
			buildSettings = {
				ASSETCATALOG_COMPILER_APPICON_NAME = AppIcon;
				ASSETCATALOG_COMPILER_GLOBAL_ACCENT_COLOR_NAME = AccentColor;
				CODE_SIGN_ENTITLEMENTS = macOS/macOS.entitlements;
				CODE_SIGN_STYLE = Automatic;
				COMBINE_HIDPI_IMAGES = YES;
				CURRENT_PROJECT_VERSION = 1;
				ENABLE_PREVIEWS = YES;
				GENERATE_INFOPLIST_FILE = YES;
				INFOPLIST_KEY_NSHumanReadableCopyright = "";
				LD_RUNPATH_SEARCH_PATHS = (
					"$(inherited)",
					"@executable_path/../Frameworks",
				);
				MACOSX_DEPLOYMENT_TARGET = 11.6;
				MARKETING_VERSION = 1.0;
				PRODUCT_BUNDLE_IDENTIFIER = com.RosalieWessels.Splanner;
				PRODUCT_NAME = Splanner;
				SDKROOT = macosx;
				SWIFT_EMIT_LOC_STRINGS = YES;
				SWIFT_VERSION = 5.0;
			};
			name = Debug;
		};
		118B53F9274A9CBA00F442BF /* Release */ = {
			isa = XCBuildConfiguration;
			buildSettings = {
				ASSETCATALOG_COMPILER_APPICON_NAME = AppIcon;
				ASSETCATALOG_COMPILER_GLOBAL_ACCENT_COLOR_NAME = AccentColor;
				CODE_SIGN_ENTITLEMENTS = macOS/macOS.entitlements;
				CODE_SIGN_STYLE = Automatic;
				COMBINE_HIDPI_IMAGES = YES;
				CURRENT_PROJECT_VERSION = 1;
				ENABLE_PREVIEWS = YES;
				GENERATE_INFOPLIST_FILE = YES;
				INFOPLIST_KEY_NSHumanReadableCopyright = "";
				LD_RUNPATH_SEARCH_PATHS = (
					"$(inherited)",
					"@executable_path/../Frameworks",
				);
				MACOSX_DEPLOYMENT_TARGET = 11.6;
				MARKETING_VERSION = 1.0;
				PRODUCT_BUNDLE_IDENTIFIER = com.RosalieWessels.Splanner;
				PRODUCT_NAME = Splanner;
				SDKROOT = macosx;
				SWIFT_EMIT_LOC_STRINGS = YES;
				SWIFT_VERSION = 5.0;
			};
			name = Release;
		};
/* End XCBuildConfiguration section */

/* Begin XCConfigurationList section */
		118B53DA274A9CB800F442BF /* Build configuration list for PBXProject "Splanner" */ = {
			isa = XCConfigurationList;
			buildConfigurations = (
				118B53F2274A9CBA00F442BF /* Debug */,
				118B53F3274A9CBA00F442BF /* Release */,
			);
			defaultConfigurationIsVisible = 0;
			defaultConfigurationName = Release;
		};
		118B53F4274A9CBA00F442BF /* Build configuration list for PBXNativeTarget "Splanner (iOS)" */ = {
			isa = XCConfigurationList;
			buildConfigurations = (
				118B53F5274A9CBA00F442BF /* Debug */,
				118B53F6274A9CBA00F442BF /* Release */,
			);
			defaultConfigurationIsVisible = 0;
			defaultConfigurationName = Release;
		};
		118B53F7274A9CBA00F442BF /* Build configuration list for PBXNativeTarget "Splanner (macOS)" */ = {
			isa = XCConfigurationList;
			buildConfigurations = (
				118B53F8274A9CBA00F442BF /* Debug */,
				118B53F9274A9CBA00F442BF /* Release */,
			);
			defaultConfigurationIsVisible = 0;
			defaultConfigurationName = Release;
		};
/* End XCConfigurationList section */

/* Begin XCRemoteSwiftPackageReference section */
		118B53FD274AA3A000F442BF /* XCRemoteSwiftPackageReference "firebase-ios-sdk" */ = {
			isa = XCRemoteSwiftPackageReference;
			repositoryURL = "https://github.com/firebase/firebase-ios-sdk";
			requirement = {
				kind = upToNextMajorVersion;
				minimumVersion = 8.0.0;
			};
		};
/* End XCRemoteSwiftPackageReference section */

/* Begin XCSwiftPackageProductDependency section */
		118B53FE274AA3A000F442BF /* FirebaseAuth */ = {
			isa = XCSwiftPackageProductDependency;
			package = 118B53FD274AA3A000F442BF /* XCRemoteSwiftPackageReference "firebase-ios-sdk" */;
			productName = FirebaseAuth;
		};
		118B5400274AA3A000F442BF /* FirebaseFirestore */ = {
			isa = XCSwiftPackageProductDependency;
			package = 118B53FD274AA3A000F442BF /* XCRemoteSwiftPackageReference "firebase-ios-sdk" */;
			productName = FirebaseFirestore;
		};
		118B5402274AA3A000F442BF /* FirebaseFirestoreSwift-Beta */ = {
			isa = XCSwiftPackageProductDependency;
			package = 118B53FD274AA3A000F442BF /* XCRemoteSwiftPackageReference "firebase-ios-sdk" */;
			productName = "FirebaseFirestoreSwift-Beta";
		};
		118B5404274AA3A000F442BF /* FirebaseStorage */ = {
			isa = XCSwiftPackageProductDependency;
			package = 118B53FD274AA3A000F442BF /* XCRemoteSwiftPackageReference "firebase-ios-sdk" */;
			productName = FirebaseStorage;
		};
/* End XCSwiftPackageProductDependency section */
	};
	rootObject = 118B53D7274A9CB800F442BF /* Project object */;
}
